{
  "name": "nvim-example",
  "version": "1.0.0",
  "lockfileVersion": 2,
  "requires": true,
  "packages": {
    "": {
      "name": "nvim-example",
      "version": "1.0.0",
      "license": "MIT",
      "dependencies": {
        "nostr-tools": "^1.10.1"
      }
    },
    "node_modules/@noble/hashes": {
      "version": "1.2.0",
      "resolved": "https://registry.npmjs.org/@noble/hashes/-/hashes-1.2.0.tgz",
      "integrity": "sha512-FZfhjEDbT5GRswV3C6uvLPHMiVD6lQBmpoX5+eSiPaMTXte/IKqI5dykDxzZB/WBeK/CDuQRBWarPdi3FNY2zQ==",
      "funding": [
        {
          "type": "individual",
          "url": "https://paulmillr.com/funding/"
        }
      ]
    },
    "node_modules/@noble/secp256k1": {
      "version": "1.7.1",
      "resolved": "https://registry.npmjs.org/@noble/secp256k1/-/secp256k1-1.7.1.tgz",
      "integrity": "sha512-hOUk6AyBFmqVrv7k5WAw/LpszxVbj9gGN4JRkIX52fdFAj1UA61KXmZDvqVEm+pOyec3+fIeZB02LYa/pWOArw==",
      "funding": [
        {
          "type": "individual",
          "url": "https://paulmillr.com/funding/"
        }
      ]
    },
    "node_modules/@scure/base": {
      "version": "1.1.1",
      "resolved": "https://registry.npmjs.org/@scure/base/-/base-1.1.1.tgz",
      "integrity": "sha512-ZxOhsSyxYwLJj3pLZCefNitxsj093tb2vq90mp2txoYeBqbcjDjqFhyM8eUjq/uFm6zJ+mUuqxlS2FkuSY1MTA==",
      "funding": [
        {
          "type": "individual",
          "url": "https://paulmillr.com/funding/"
        }
      ]
    },
    "node_modules/@scure/bip32": {
      "version": "1.1.4",
      "resolved": "https://registry.npmjs.org/@scure/bip32/-/bip32-1.1.4.tgz",
      "integrity": "sha512-m925ACYK0wPELsF7Z/VdLGmKj1StIeHraPMYB9xiAFiq/PnvqWd/99I0TQ2OZhjjlMDsDJeZlyXMWi0beaA7NA==",
      "funding": [
        {
          "type": "individual",
          "url": "https://paulmillr.com/funding/"
        }
      ],
      "dependencies": {
        "@noble/hashes": "~1.2.0",
        "@noble/secp256k1": "~1.7.0",
        "@scure/base": "~1.1.0"
      }
    },
    "node_modules/@scure/bip39": {
      "version": "1.1.1",
      "resolved": "https://registry.npmjs.org/@scure/bip39/-/bip39-1.1.1.tgz",
      "integrity": "sha512-t+wDck2rVkh65Hmv280fYdVdY25J9YeEUIgn2LG1WM6gxFkGzcksoDiUkWVpVp3Oex9xGC68JU2dSbUfwZ2jPg==",
      "funding": [
        {
          "type": "individual",
          "url": "https://paulmillr.com/funding/"
        }
      ],
      "dependencies": {
        "@noble/hashes": "~1.2.0",
        "@scure/base": "~1.1.0"
      }
    },
    "node_modules/nostr-tools": {
      "version": "1.10.1",
      "resolved": "https://registry.npmjs.org/nostr-tools/-/nostr-tools-1.10.1.tgz",
      "integrity": "sha512-zgTYJeuZQ3CDASsmBEcB5i6V6l0IaA6cjnll6OVik3FoZcvbCaL7yP8I40hYnOIi3KlJykV7jEF9fn8h1NzMnA==",
      "dependencies": {
        "@noble/hashes": "1.2.0",
        "@noble/secp256k1": "1.7.1",
        "@scure/base": "1.1.1",
        "@scure/bip32": "1.1.4",
        "@scure/bip39": "1.1.1"
      }
    }
  },
  "dependencies": {
    "@noble/hashes": {
      "version": "1.2.0",
      "resolved": "https://registry.npmjs.org/@noble/hashes/-/hashes-1.2.0.tgz",
      "integrity": "sha512-FZfhjEDbT5GRswV3C6uvLPHMiVD6lQBmpoX5+eSiPaMTXte/IKqI5dykDxzZB/WBeK/CDuQRBWarPdi3FNY2zQ=="
    },
    "@noble/secp256k1": {
      "version": "1.7.1",
      "resolved": "https://registry.npmjs.org/@noble/secp256k1/-/secp256k1-1.7.1.tgz",
      "integrity": "sha512-hOUk6AyBFmqVrv7k5WAw/LpszxVbj9gGN4JRkIX52fdFAj1UA61KXmZDvqVEm+pOyec3+fIeZB02LYa/pWOArw=="
    },
    "@scure/base": {
      "version": "1.1.1",
      "resolved": "https://registry.npmjs.org/@scure/base/-/base-1.1.1.tgz",
      "integrity": "sha512-ZxOhsSyxYwLJj3pLZCefNitxsj093tb2vq90mp2txoYeBqbcjDjqFhyM8eUjq/uFm6zJ+mUuqxlS2FkuSY1MTA=="
    },
    "@scure/bip32": {
      "version": "1.1.4",
      "resolved": "https://registry.npmjs.org/@scure/bip32/-/bip32-1.1.4.tgz",
      "integrity": "sha512-m925ACYK0wPELsF7Z/VdLGmKj1StIeHraPMYB9xiAFiq/PnvqWd/99I0TQ2OZhjjlMDsDJeZlyXMWi0beaA7NA==",
      "requires": {
        "@noble/hashes": "~1.2.0",
        "@noble/secp256k1": "~1.7.0",
        "@scure/base": "~1.1.0"
      }
    },
    "@scure/bip39": {
      "version": "1.1.1",
      "resolved": "https://registry.npmjs.org/@scure/bip39/-/bip39-1.1.1.tgz",
      "integrity": "sha512-t+wDck2rVkh65Hmv280fYdVdY25J9YeEUIgn2LG1WM6gxFkGzcksoDiUkWVpVp3Oex9xGC68JU2dSbUfwZ2jPg==",
      "requires": {
        "@noble/hashes": "~1.2.0",
        "@scure/base": "~1.1.0"
      }
    },
    "nostr-tools": {
      "version": "1.10.1",
      "resolved": "https://registry.npmjs.org/nostr-tools/-/nostr-tools-1.10.1.tgz",
      "integrity": "sha512-zgTYJeuZQ3CDASsmBEcB5i6V6l0IaA6cjnll6OVik3FoZcvbCaL7yP8I40hYnOIi3KlJykV7jEF9fn8h1NzMnA==",
      "requires": {
        "@noble/hashes": "1.2.0",
        "@noble/secp256k1": "1.7.1",
        "@scure/base": "1.1.1",
        "@scure/bip32": "1.1.4",
        "@scure/bip39": "1.1.1"
      }
    }
  }
}
